
Microsoft Visual Studio Solution File, Format Version 12.00
# Visual Studio Version 17
VisualStudioVersion = 17.10.35122.118
MinimumVisualStudioVersion = 10.0.40219.1
Project("{FAE04EC0-301F-11D3-BF4B-00C04F79EFBC}") = "ExpenseTracker", "ExpenseTracker\ExpenseTracker.csproj", "{61473BBD-7E9B-46A4-9E1F-8E00F9E52A66}"
EndProject
Project("{FAE04EC0-301F-11D3-BF4B-00C04F79EFBC}") = "ExpenseTracker.Domain", "ExpenseTracker.Domain\ExpenseTracker.Domain.csproj", "{10DA8299-1B14-437C-9477-95CADC0ED1BB}"
EndProject
Project("{FAE04EC0-301F-11D3-BF4B-00C04F79EFBC}") = "ExpenseTracker.Infrastructure", "ExpenseTracker.Infrastructure\ExpenseTracker.Infrastructure.csproj", "{99068ECA-12E6-46C7-83F8-BDFC3F1EC4DA}"
EndProject
Global
	GlobalSection(SolutionConfigurationPlatforms) = preSolution
		Debug|Any CPU = Debug|Any CPU
		Release|Any CPU = Release|Any CPU
	EndGlobalSection
	GlobalSection(ProjectConfigurationPlatforms) = postSolution
		{61473BBD-7E9B-46A4-9E1F-8E00F9E52A66}.Debug|Any CPU.ActiveCfg = Debug|Any CPU
		{61473BBD-7E9B-46A4-9E1F-8E00F9E52A66}.Debug|Any CPU.Build.0 = Debug|Any CPU
		{61473BBD-7E9B-46A4-9E1F-8E00F9E52A66}.Release|Any CPU.ActiveCfg = Release|Any CPU
		{61473BBD-7E9B-46A4-9E1F-8E00F9E52A66}.Release|Any CPU.Build.0 = Release|Any CPU
		{10DA8299-1B14-437C-9477-95CADC0ED1BB}.Debug|Any CPU.ActiveCfg = Debug|Any CPU
		{10DA8299-1B14-437C-9477-95CADC0ED1BB}.Debug|Any CPU.Build.0 = Debug|Any CPU
		{10DA8299-1B14-437C-9477-95CADC0ED1BB}.Release|Any CPU.ActiveCfg = Release|Any CPU
		{10DA8299-1B14-437C-9477-95CADC0ED1BB}.Release|Any CPU.Build.0 = Release|Any CPU
		{99068ECA-12E6-46C7-83F8-BDFC3F1EC4DA}.Debug|Any CPU.ActiveCfg = Debug|Any CPU
		{99068ECA-12E6-46C7-83F8-BDFC3F1EC4DA}.Debug|Any CPU.Build.0 = Debug|Any CPU
		{99068ECA-12E6-46C7-83F8-BDFC3F1EC4DA}.Release|Any CPU.ActiveCfg = Release|Any CPU
		{99068ECA-12E6-46C7-83F8-BDFC3F1EC4DA}.Release|Any CPU.Build.0 = Release|Any CPU
	EndGlobalSection
	GlobalSection(SolutionProperties) = preSolution
		HideSolutionNode = FALSE
	EndGlobalSection
	GlobalSection(ExtensibilityGlobals) = postSolution
		SolutionGuid = {AADF618F-FC21-4F96-8F44-59A966CBEDE0}
	EndGlobalSection
EndGlobal
